{
  "name": "model-airport",
  "version": "1.0.0",
  "lockfileVersion": 1,
  "requires": true,
  "dependencies": {
    "python-shell": {
      "version": "2.0.1",
      "resolved": "https://registry.npmjs.org/python-shell/-/python-shell-2.0.1.tgz",
      "integrity": "sha512-Ys+SiCinY9JrldIJxGWd2AMQSQZLU7PFzrCWY7HTawZ73tIthFdlLLU1Y6Y40Hwdutc+TmfMe5TXNU73s07Xyg=="
    },
    "ws": {
      "version": "7.4.6",
      "resolved": "https://registry.npmjs.org/ws/-/ws-7.4.6.tgz",
      "integrity": "sha512-YmhHDO4MzaDLB+M9ym/mDA5z0naX8j7SIlT8f8z+I0VtzsRbekxEutHSme7NPS2qE8StCYQNUnfWdXta/Yu85A=="
    }
  }
}
